
Microsoft Visual Studio Solution File, Format Version 12.00
# Visual Studio Version 17
VisualStudioVersion = 17.7.34221.43
MinimumVisualStudioVersion = 10.0.40219.1
Project("{FAE04EC0-301F-11D3-BF4B-00C04F79EFBC}") = "SystemProg_OOP_HW001_cmd_r00", "SystemProg_OOP_HW001_cmd_r00.csproj", "{6CC7A8E7-20F3-47F3-BBD9-13B5C014F848}"
EndProject
Global
	GlobalSection(SolutionConfigurationPlatforms) = preSolution
		Debug|Any CPU = Debug|Any CPU
		Release|Any CPU = Release|Any CPU
	EndGlobalSection
	GlobalSection(ProjectConfigurationPlatforms) = postSolution
		{6CC7A8E7-20F3-47F3-BBD9-13B5C014F848}.Debug|Any CPU.ActiveCfg = Debug|Any CPU
		{6CC7A8E7-20F3-47F3-BBD9-13B5C014F848}.Debug|Any CPU.Build.0 = Debug|Any CPU
		{6CC7A8E7-20F3-47F3-BBD9-13B5C014F848}.Release|Any CPU.ActiveCfg = Release|Any CPU
		{6CC7A8E7-20F3-47F3-BBD9-13B5C014F848}.Release|Any CPU.Build.0 = Release|Any CPU
	EndGlobalSection
	GlobalSection(SolutionProperties) = preSolution
		HideSolutionNode = FALSE
	EndGlobalSection
	GlobalSection(ExtensibilityGlobals) = postSolution
		SolutionGuid = {AF64D6FF-1F7B-4000-9187-96E236565E09}
	EndGlobalSection
EndGlobal
